// !$*UTF8*$!
{
	archiveVersion = 1;
	classes = {
	};
	objectVersion = 50;
	objects = {

/* Begin PBXBuildFile section */
		F810DB48251CE70300095203 /* LaunchScreen.swift in Sources */ = {isa = PBXBuildFile; fileRef = F810DB47251CE70300095203 /* LaunchScreen.swift */; };
		F8145E99252178AD00002B85 /* Results3.swift in Sources */ = {isa = PBXBuildFile; fileRef = F8145E98252178AD00002B85 /* Results3.swift */; };
		F81E1D51250AE3AC0016FAD1 /* TestingLocations.swift in Sources */ = {isa = PBXBuildFile; fileRef = F81E1D50250AE3AC0016FAD1 /* TestingLocations.swift */; };
		F82BF2E024F824D20055D88D /* PreExistingConditions.swift in Sources */ = {isa = PBXBuildFile; fileRef = F82BF2DF24F824D20055D88D /* PreExistingConditions.swift */; };
		F8475342250094870008F5E8 /* PreExistingConditions2.swift in Sources */ = {isa = PBXBuildFile; fileRef = F8475341250094870008F5E8 /* PreExistingConditions2.swift */; };
		F847534425009AE70008F5E8 /* Results.swift in Sources */ = {isa = PBXBuildFile; fileRef = F847534325009AE70008F5E8 /* Results.swift */; };
		F878BAF1250803FB003209DA /* EmergencyHelp.swift in Sources */ = {isa = PBXBuildFile; fileRef = F878BAF0250803FB003209DA /* EmergencyHelp.swift */; };
		F87EBA7524E899D500B0109C /* AppDelegate.swift in Sources */ = {isa = PBXBuildFile; fileRef = F87EBA7424E899D500B0109C /* AppDelegate.swift */; };
		F87EBA7724E899D500B0109C /* SceneDelegate.swift in Sources */ = {isa = PBXBuildFile; fileRef = F87EBA7624E899D500B0109C /* SceneDelegate.swift */; };
		F87EBA7924E899D500B0109C /* HPViewController.swift in Sources */ = {isa = PBXBuildFile; fileRef = F87EBA7824E899D500B0109C /* HPViewController.swift */; };
		F87EBA7C24E899D500B0109C /* Main.storyboard in Resources */ = {isa = PBXBuildFile; fileRef = F87EBA7A24E899D500B0109C /* Main.storyboard */; };
		F87EBA7E24E899D600B0109C /* Assets.xcassets in Resources */ = {isa = PBXBuildFile; fileRef = F87EBA7D24E899D600B0109C /* Assets.xcassets */; };
		F87EBA8124E899D600B0109C /* LaunchScreen.storyboard in Resources */ = {isa = PBXBuildFile; fileRef = F87EBA7F24E899D600B0109C /* LaunchScreen.storyboard */; };
		F87EBA8C24E899D600B0109C /* CovidScanner4_0Try3Tests.swift in Sources */ = {isa = PBXBuildFile; fileRef = F87EBA8B24E899D600B0109C /* CovidScanner4_0Try3Tests.swift */; };
		F87EBA9724E899D600B0109C /* CovidScanner4_0Try3UITests.swift in Sources */ = {isa = PBXBuildFile; fileRef = F87EBA9624E899D600B0109C /* CovidScanner4_0Try3UITests.swift */; };
		F880A2FD24EA47DD00B2C614 /* CheckSymptomsInstructions.swift in Sources */ = {isa = PBXBuildFile; fileRef = F880A2FC24EA47DD00B2C614 /* CheckSymptomsInstructions.swift */; };
		F880A2FF24EAD70700B2C614 /* AgeGroupPage.swift in Sources */ = {isa = PBXBuildFile; fileRef = F880A2FE24EAD70700B2C614 /* AgeGroupPage.swift */; };
		F880A34D24EEE89300B2C614 /* theScannerLogo.png in Resources */ = {isa = PBXBuildFile; fileRef = F880A34C24EEE89300B2C614 /* theScannerLogo.png */; };
		F8E286BC2612B8EB0049CB62 /* FinalVirusImage.png in Resources */ = {isa = PBXBuildFile; fileRef = F8E286BB2612B8EB0049CB62 /* FinalVirusImage.png */; };
		F8EF749224FB0C6D00BACB9B /* SevereSymptoms.swift in Sources */ = {isa = PBXBuildFile; fileRef = F8EF749124FB0C6D00BACB9B /* SevereSymptoms.swift */; };
		F8EF749424FB0C7F00BACB9B /* Symptoms.swift in Sources */ = {isa = PBXBuildFile; fileRef = F8EF749324FB0C7F00BACB9B /* Symptoms.swift */; };
/* End PBXBuildFile section */

/* Begin PBXContainerItemProxy section */
		F87EBA8824E899D600B0109C /* PBXContainerItemProxy */ = {
			isa = PBXContainerItemProxy;
			containerPortal = F87EBA6924E899D500B0109C /* Project object */;
			proxyType = 1;
			remoteGlobalIDString = F87EBA7024E899D500B0109C;
			remoteInfo = CovidScanner4.0Try3;
		};
		F87EBA9324E899D600B0109C /* PBXContainerItemProxy */ = {
			isa = PBXContainerItemProxy;
			containerPortal = F87EBA6924E899D500B0109C /* Project object */;
			proxyType = 1;
			remoteGlobalIDString = F87EBA7024E899D500B0109C;
			remoteInfo = CovidScanner4.0Try3;
		};
/* End PBXContainerItemProxy section */

/* Begin PBXFileReference section */
		F810DB47251CE70300095203 /* LaunchScreen.swift */ = {isa = PBXFileReference; lastKnownFileType = sourcecode.swift; path = LaunchScreen.swift; sourceTree = "<group>"; };
		F8145E98252178AD00002B85 /* Results3.swift */ = {isa = PBXFileReference; lastKnownFileType = sourcecode.swift; path = Results3.swift; sourceTree = "<group>"; };
		F81E1D50250AE3AC0016FAD1 /* TestingLocations.swift */ = {isa = PBXFileReference; lastKnownFileType = sourcecode.swift; path = TestingLocations.swift; sourceTree = "<group>"; };
		F82BF2DF24F824D20055D88D /* PreExistingConditions.swift */ = {isa = PBXFileReference; lastKnownFileType = sourcecode.swift; path = PreExistingConditions.swift; sourceTree = "<group>"; };
		F8475341250094870008F5E8 /* PreExistingConditions2.swift */ = {isa = PBXFileReference; lastKnownFileType = sourcecode.swift; path = PreExistingConditions2.swift; sourceTree = "<group>"; };
		F847534325009AE70008F5E8 /* Results.swift */ = {isa = PBXFileReference; lastKnownFileType = sourcecode.swift; path = Results.swift; sourceTree = "<group>"; };
		F878BAF0250803FB003209DA /* EmergencyHelp.swift */ = {isa = PBXFileReference; lastKnownFileType = sourcecode.swift; path = EmergencyHelp.swift; sourceTree = "<group>"; };
		F87EBA7124E899D500B0109C /* Covid ScannerScanner4.0Try3.app */ = {isa = PBXFileReference; explicitFileType = wrapper.application; includeInIndex = 0; path = "Covid ScannerScanner4.0Try3.app"; sourceTree = BUILT_PRODUCTS_DIR; };
		F87EBA7424E899D500B0109C /* AppDelegate.swift */ = {isa = PBXFileReference; lastKnownFileType = sourcecode.swift; path = AppDelegate.swift; sourceTree = "<group>"; };
		F87EBA7624E899D500B0109C /* SceneDelegate.swift */ = {isa = PBXFileReference; lastKnownFileType = sourcecode.swift; path = SceneDelegate.swift; sourceTree = "<group>"; };
		F87EBA7824E899D500B0109C /* HPViewController.swift */ = {isa = PBXFileReference; lastKnownFileType = sourcecode.swift; path = HPViewController.swift; sourceTree = "<group>"; };
		F87EBA7B24E899D500B0109C /* Base */ = {isa = PBXFileReference; lastKnownFileType = file.storyboard; name = Base; path = Base.lproj/Main.storyboard; sourceTree = "<group>"; };
		F87EBA7D24E899D600B0109C /* Assets.xcassets */ = {isa = PBXFileReference; lastKnownFileType = folder.assetcatalog; path = Assets.xcassets; sourceTree = "<group>"; };
		F87EBA8024E899D600B0109C /* Base */ = {isa = PBXFileReference; lastKnownFileType = file.storyboard; name = Base; path = Base.lproj/LaunchScreen.storyboard; sourceTree = "<group>"; };
		F87EBA8224E899D600B0109C /* Info.plist */ = {isa = PBXFileReference; lastKnownFileType = text.plist.xml; path = Info.plist; sourceTree = "<group>"; };
		F87EBA8724E899D600B0109C /* Covid ScannerScanner4.0Try3Tests.xctest */ = {isa = PBXFileReference; explicitFileType = wrapper.cfbundle; includeInIndex = 0; path = "Covid ScannerScanner4.0Try3Tests.xctest"; sourceTree = BUILT_PRODUCTS_DIR; };
		F87EBA8B24E899D600B0109C /* CovidScanner4_0Try3Tests.swift */ = {isa = PBXFileReference; lastKnownFileType = sourcecode.swift; path = CovidScanner4_0Try3Tests.swift; sourceTree = "<group>"; };
		F87EBA8D24E899D600B0109C /* Info.plist */ = {isa = PBXFileReference; lastKnownFileType = text.plist.xml; path = Info.plist; sourceTree = "<group>"; };
		F87EBA9224E899D600B0109C /* Covid ScannerScanner4.0Try3UITests.xctest */ = {isa = PBXFileReference; explicitFileType = wrapper.cfbundle; includeInIndex = 0; path = "Covid ScannerScanner4.0Try3UITests.xctest"; sourceTree = BUILT_PRODUCTS_DIR; };
		F87EBA9624E899D600B0109C /* CovidScanner4_0Try3UITests.swift */ = {isa = PBXFileReference; lastKnownFileType = sourcecode.swift; path = CovidScanner4_0Try3UITests.swift; sourceTree = "<group>"; };
		F87EBA9824E899D600B0109C /* Info.plist */ = {isa = PBXFileReference; lastKnownFileType = text.plist.xml; path = Info.plist; sourceTree = "<group>"; };
		F880A2FC24EA47DD00B2C614 /* CheckSymptomsInstructions.swift */ = {isa = PBXFileReference; lastKnownFileType = sourcecode.swift; path = CheckSymptomsInstructions.swift; sourceTree = "<group>"; };
		F880A2FE24EAD70700B2C614 /* AgeGroupPage.swift */ = {isa = PBXFileReference; lastKnownFileType = sourcecode.swift; path = AgeGroupPage.swift; sourceTree = "<group>"; };
		F880A34C24EEE89300B2C614 /* theScannerLogo.png */ = {isa = PBXFileReference; lastKnownFileType = image.png; path = theScannerLogo.png; sourceTree = "<group>"; };
		F8E286BB2612B8EB0049CB62 /* FinalVirusImage.png */ = {isa = PBXFileReference; lastKnownFileType = image.png; path = FinalVirusImage.png; sourceTree = "<group>"; };
		F8EF749124FB0C6D00BACB9B /* SevereSymptoms.swift */ = {isa = PBXFileReference; lastKnownFileType = sourcecode.swift; path = SevereSymptoms.swift; sourceTree = "<group>"; };
		F8EF749324FB0C7F00BACB9B /* Symptoms.swift */ = {isa = PBXFileReference; lastKnownFileType = sourcecode.swift; path = Symptoms.swift; sourceTree = "<group>"; };
/* End PBXFileReference section */

/* Begin PBXFrameworksBuildPhase section */
		F87EBA6E24E899D500B0109C /* Frameworks */ = {
			isa = PBXFrameworksBuildPhase;
			buildActionMask = 2147483647;
			files = (
			);
			runOnlyForDeploymentPostprocessing = 0;
		};
		F87EBA8424E899D600B0109C /* Frameworks */ = {
			isa = PBXFrameworksBuildPhase;
			buildActionMask = 2147483647;
			files = (
			);
			runOnlyForDeploymentPostprocessing = 0;
		};
		F87EBA8F24E899D600B0109C /* Frameworks */ = {
			isa = PBXFrameworksBuildPhase;
			buildActionMask = 2147483647;
			files = (
			);
			runOnlyForDeploymentPostprocessing = 0;
		};
/* End PBXFrameworksBuildPhase section */

/* Begin PBXGroup section */
		F87EBA6824E899D500B0109C = {
			isa = PBXGroup;
			children = (
				F87EBA7324E899D500B0109C /* CovidScannerApp */,
				F87EBA8A24E899D600B0109C /* CovidScannerAppTests */,
				F87EBA9524E899D600B0109C /* CovidScannerAppUITests */,
				F87EBA7224E899D500B0109C /* Products */,
			);
			sourceTree = "<group>";
		};
		F87EBA7224E899D500B0109C /* Products */ = {
			isa = PBXGroup;
			children = (
				F87EBA7124E899D500B0109C /* Covid ScannerScanner4.0Try3.app */,
				F87EBA8724E899D600B0109C /* Covid ScannerScanner4.0Try3Tests.xctest */,
				F87EBA9224E899D600B0109C /* Covid ScannerScanner4.0Try3UITests.xctest */,
			);
			name = Products;
			sourceTree = "<group>";
		};
		F87EBA7324E899D500B0109C /* CovidScannerApp */ = {
			isa = PBXGroup;
			children = (
				F8E286D52612BFDD0049CB62 /* SymptomViewControllers */,
				F8E286D42612BF720049CB62 /* ResultsViewControllers */,
				F8E286C02612B93E0049CB62 /* Delegates */,
				F8E286CA2612BCE60049CB62 /* IntroViewControllers */,
				F8E286CB2612BE9F0049CB62 /* Storyboards */,
				F8E286CD2612BEDE0049CB62 /* Miscellaneous */,
				F8E286CC2612BEC70049CB62 /* Images */,
			);
			path = CovidScannerApp;
			sourceTree = "<group>";
		};
		F87EBA8A24E899D600B0109C /* CovidScannerAppTests */ = {
			isa = PBXGroup;
			children = (
				F87EBA8B24E899D600B0109C /* CovidScanner4_0Try3Tests.swift */,
				F87EBA8D24E899D600B0109C /* Info.plist */,
			);
			path = CovidScannerAppTests;
			sourceTree = "<group>";
		};
		F87EBA9524E899D600B0109C /* CovidScannerAppUITests */ = {
			isa = PBXGroup;
			children = (
				F87EBA9624E899D600B0109C /* CovidScanner4_0Try3UITests.swift */,
				F87EBA9824E899D600B0109C /* Info.plist */,
			);
			path = CovidScannerAppUITests;
			sourceTree = "<group>";
		};
		F8E286C02612B93E0049CB62 /* Delegates */ = {
			isa = PBXGroup;
			children = (
				F87EBA7624E899D500B0109C /* SceneDelegate.swift */,
				F87EBA7424E899D500B0109C /* AppDelegate.swift */,
			);
			path = Delegates;
			sourceTree = "<group>";
		};
		F8E286CA2612BCE60049CB62 /* IntroViewControllers */ = {
			isa = PBXGroup;
			children = (
				F880A2FE24EAD70700B2C614 /* AgeGroupPage.swift */,
				F810DB47251CE70300095203 /* LaunchScreen.swift */,
				F87EBA7824E899D500B0109C /* HPViewController.swift */,
			);
			path = IntroViewControllers;
			sourceTree = "<group>";
		};
		F8E286CB2612BE9F0049CB62 /* Storyboards */ = {
			isa = PBXGroup;
			children = (
				F87EBA7F24E899D600B0109C /* LaunchScreen.storyboard */,
				F87EBA7A24E899D500B0109C /* Main.storyboard */,
			);
			path = Storyboards;
			sourceTree = "<group>";
		};
		F8E286CC2612BEC70049CB62 /* Images */ = {
			isa = PBXGroup;
			children = (
				F880A34C24EEE89300B2C614 /* theScannerLogo.png */,
				F8E286BB2612B8EB0049CB62 /* FinalVirusImage.png */,
			);
			path = Images;
			sourceTree = "<group>";
		};
		F8E286CD2612BEDE0049CB62 /* Miscellaneous */ = {
			isa = PBXGroup;
			children = (
				F87EBA7D24E899D600B0109C /* Assets.xcassets */,
				F87EBA8224E899D600B0109C /* Info.plist */,
			);
			path = Miscellaneous;
			sourceTree = "<group>";
		};
		F8E286D42612BF720049CB62 /* ResultsViewControllers */ = {
			isa = PBXGroup;
			children = (
				F81E1D50250AE3AC0016FAD1 /* TestingLocations.swift */,
				F878BAF0250803FB003209DA /* EmergencyHelp.swift */,
				F8145E98252178AD00002B85 /* Results3.swift */,
				F847534325009AE70008F5E8 /* Results.swift */,
			);
			path = ResultsViewControllers;
			sourceTree = "<group>";
		};
		F8E286D52612BFDD0049CB62 /* SymptomViewControllers */ = {
			isa = PBXGroup;
			children = (
				F880A2FC24EA47DD00B2C614 /* CheckSymptomsInstructions.swift */,
				F82BF2DF24F824D20055D88D /* PreExistingConditions.swift */,
				F8475341250094870008F5E8 /* PreExistingConditions2.swift */,
				F8EF749124FB0C6D00BACB9B /* SevereSymptoms.swift */,
				F8EF749324FB0C7F00BACB9B /* Symptoms.swift */,
			);
			path = SymptomViewControllers;
			sourceTree = "<group>";
		};
/* End PBXGroup section */

/* Begin PBXNativeTarget section */
		F87EBA7024E899D500B0109C /* Covid ScannerScanner4.0Try3 */ = {
			isa = PBXNativeTarget;
			buildConfigurationList = F87EBA9B24E899D600B0109C /* Build configuration list for PBXNativeTarget "Covid ScannerScanner4.0Try3" */;
			buildPhases = (
				F87EBA6D24E899D500B0109C /* Sources */,
				F87EBA6E24E899D500B0109C /* Frameworks */,
				F87EBA6F24E899D500B0109C /* Resources */,
			);
			buildRules = (
			);
			dependencies = (
			);
			name = "Covid ScannerScanner4.0Try3";
			productName = CovidScanner4.0Try3;
			productReference = F87EBA7124E899D500B0109C /* Covid ScannerScanner4.0Try3.app */;
			productType = "com.apple.product-type.application";
		};
		F87EBA8624E899D600B0109C /* Covid ScannerScanner4.0Try3Tests */ = {
			isa = PBXNativeTarget;
			buildConfigurationList = F87EBA9E24E899D600B0109C /* Build configuration list for PBXNativeTarget "Covid ScannerScanner4.0Try3Tests" */;
			buildPhases = (
				F87EBA8324E899D600B0109C /* Sources */,
				F87EBA8424E899D600B0109C /* Frameworks */,
				F87EBA8524E899D600B0109C /* Resources */,
			);
			buildRules = (
			);
			dependencies = (
				F87EBA8924E899D600B0109C /* PBXTargetDependency */,
			);
			name = "Covid ScannerScanner4.0Try3Tests";
			productName = CovidScanner4.0Try3Tests;
			productReference = F87EBA8724E899D600B0109C /* Covid ScannerScanner4.0Try3Tests.xctest */;
			productType = "com.apple.product-type.bundle.unit-test";
		};
		F87EBA9124E899D600B0109C /* Covid ScannerScanner4.0Try3UITests */ = {
			isa = PBXNativeTarget;
			buildConfigurationList = F87EBAA124E899D600B0109C /* Build configuration list for PBXNativeTarget "Covid ScannerScanner4.0Try3UITests" */;
			buildPhases = (
				F87EBA8E24E899D600B0109C /* Sources */,
				F87EBA8F24E899D600B0109C /* Frameworks */,
				F87EBA9024E899D600B0109C /* Resources */,
			);
			buildRules = (
			);
			dependencies = (
				F87EBA9424E899D600B0109C /* PBXTargetDependency */,
			);
			name = "Covid ScannerScanner4.0Try3UITests";
			productName = CovidScanner4.0Try3UITests;
			productReference = F87EBA9224E899D600B0109C /* Covid ScannerScanner4.0Try3UITests.xctest */;
			productType = "com.apple.product-type.bundle.ui-testing";
		};
/* End PBXNativeTarget section */

/* Begin PBXProject section */
		F87EBA6924E899D500B0109C /* Project object */ = {
			isa = PBXProject;
			attributes = {
				LastSwiftUpdateCheck = 1160;
				LastUpgradeCheck = 1200;
				ORGANIZATIONNAME = "Ananth Kashyap";
				TargetAttributes = {
					F87EBA7024E899D500B0109C = {
						CreatedOnToolsVersion = 11.6;
					};
					F87EBA8624E899D600B0109C = {
						CreatedOnToolsVersion = 11.6;
						TestTargetID = F87EBA7024E899D500B0109C;
					};
					F87EBA9124E899D600B0109C = {
						CreatedOnToolsVersion = 11.6;
						TestTargetID = F87EBA7024E899D500B0109C;
					};
				};
			};
			buildConfigurationList = F87EBA6C24E899D500B0109C /* Build configuration list for PBXProject "Covid Scanner" */;
			compatibilityVersion = "Xcode 9.3";
			developmentRegion = en;
			hasScannedForEncodings = 0;
			knownRegions = (
				en,
				Base,
			);
			mainGroup = F87EBA6824E899D500B0109C;
			productRefGroup = F87EBA7224E899D500B0109C /* Products */;
			projectDirPath = "";
			projectRoot = "";
			targets = (
				F87EBA7024E899D500B0109C /* Covid ScannerScanner4.0Try3 */,
				F87EBA8624E899D600B0109C /* Covid ScannerScanner4.0Try3Tests */,
				F87EBA9124E899D600B0109C /* Covid ScannerScanner4.0Try3UITests */,
			);
		};
/* End PBXProject section */

/* Begin PBXResourcesBuildPhase section */
		F87EBA6F24E899D500B0109C /* Resources */ = {
			isa = PBXResourcesBuildPhase;
			buildActionMask = 2147483647;
			files = (
				F87EBA8124E899D600B0109C /* LaunchScreen.storyboard in Resources */,
				F880A34D24EEE89300B2C614 /* theScannerLogo.png in Resources */,
				F8E286BC2612B8EB0049CB62 /* FinalVirusImage.png in Resources */,
				F87EBA7E24E899D600B0109C /* Assets.xcassets in Resources */,
				F87EBA7C24E899D500B0109C /* Main.storyboard in Resources */,
			);
			runOnlyForDeploymentPostprocessing = 0;
		};
		F87EBA8524E899D600B0109C /* Resources */ = {
			isa = PBXResourcesBuildPhase;
			buildActionMask = 2147483647;
			files = (
			);
			runOnlyForDeploymentPostprocessing = 0;
		};
		F87EBA9024E899D600B0109C /* Resources */ = {
			isa = PBXResourcesBuildPhase;
			buildActionMask = 2147483647;
			files = (
			);
			runOnlyForDeploymentPostprocessing = 0;
		};
/* End PBXResourcesBuildPhase section */

/* Begin PBXSourcesBuildPhase section */
		F87EBA6D24E899D500B0109C /* Sources */ = {
			isa = PBXSourcesBuildPhase;
			buildActionMask = 2147483647;
			files = (
				F810DB48251CE70300095203 /* LaunchScreen.swift in Sources */,
				F878BAF1250803FB003209DA /* EmergencyHelp.swift in Sources */,
				F87EBA7924E899D500B0109C /* HPViewController.swift in Sources */,
				F8475342250094870008F5E8 /* PreExistingConditions2.swift in Sources */,
				F880A2FD24EA47DD00B2C614 /* CheckSymptomsInstructions.swift in Sources */,
				F8EF749224FB0C6D00BACB9B /* SevereSymptoms.swift in Sources */,
				F8145E99252178AD00002B85 /* Results3.swift in Sources */,
				F847534425009AE70008F5E8 /* Results.swift in Sources */,
				F8EF749424FB0C7F00BACB9B /* Symptoms.swift in Sources */,
				F87EBA7524E899D500B0109C /* AppDelegate.swift in Sources */,
				F82BF2E024F824D20055D88D /* PreExistingConditions.swift in Sources */,
				F880A2FF24EAD70700B2C614 /* AgeGroupPage.swift in Sources */,
				F87EBA7724E899D500B0109C /* SceneDelegate.swift in Sources */,
				F81E1D51250AE3AC0016FAD1 /* TestingLocations.swift in Sources */,
			);
			runOnlyForDeploymentPostprocessing = 0;
		};
		F87EBA8324E899D600B0109C /* Sources */ = {
			isa = PBXSourcesBuildPhase;
			buildActionMask = 2147483647;
			files = (
				F87EBA8C24E899D600B0109C /* CovidScanner4_0Try3Tests.swift in Sources */,
			);
			runOnlyForDeploymentPostprocessing = 0;
		};
		F87EBA8E24E899D600B0109C /* Sources */ = {
			isa = PBXSourcesBuildPhase;
			buildActionMask = 2147483647;
			files = (
				F87EBA9724E899D600B0109C /* CovidScanner4_0Try3UITests.swift in Sources */,
			);
			runOnlyForDeploymentPostprocessing = 0;
		};
/* End PBXSourcesBuildPhase section */

/* Begin PBXTargetDependency section */
		F87EBA8924E899D600B0109C /* PBXTargetDependency */ = {
			isa = PBXTargetDependency;
			target = F87EBA7024E899D500B0109C /* Covid ScannerScanner4.0Try3 */;
			targetProxy = F87EBA8824E899D600B0109C /* PBXContainerItemProxy */;
		};
		F87EBA9424E899D600B0109C /* PBXTargetDependency */ = {
			isa = PBXTargetDependency;
			target = F87EBA7024E899D500B0109C /* Covid ScannerScanner4.0Try3 */;
			targetProxy = F87EBA9324E899D600B0109C /* PBXContainerItemProxy */;
		};
/* End PBXTargetDependency section */

/* Begin PBXVariantGroup section */
		F87EBA7A24E899D500B0109C /* Main.storyboard */ = {
			isa = PBXVariantGroup;
			children = (
				F87EBA7B24E899D500B0109C /* Base */,
			);
			name = Main.storyboard;
			sourceTree = "<group>";
		};
		F87EBA7F24E899D600B0109C /* LaunchScreen.storyboard */ = {
			isa = PBXVariantGroup;
			children = (
				F87EBA8024E899D600B0109C /* Base */,
			);
			name = LaunchScreen.storyboard;
			sourceTree = "<group>";
		};
/* End PBXVariantGroup section */

/* Begin XCBuildConfiguration section */
		F87EBA9924E899D600B0109C /* Debug */ = {
			isa = XCBuildConfiguration;
			buildSettings = {
				ALWAYS_SEARCH_USER_PATHS = NO;
				CLANG_ANALYZER_NONNULL = YES;
				CLANG_ANALYZER_NUMBER_OBJECT_CONVERSION = YES_AGGRESSIVE;
				CLANG_CXX_LANGUAGE_STANDARD = "gnu++14";
				CLANG_CXX_LIBRARY = "libc++";
				CLANG_ENABLE_MODULES = YES;
				CLANG_ENABLE_OBJC_ARC = YES;
				CLANG_ENABLE_OBJC_WEAK = YES;
				CLANG_WARN_BLOCK_CAPTURE_AUTORELEASING = YES;
				CLANG_WARN_BOOL_CONVERSION = YES;
				CLANG_WARN_COMMA = YES;
				CLANG_WARN_CONSTANT_CONVERSION = YES;
				CLANG_WARN_DEPRECATED_OBJC_IMPLEMENTATIONS = YES;
				CLANG_WARN_DIRECT_OBJC_ISA_USAGE = YES_ERROR;
				CLANG_WARN_DOCUMENTATION_COMMENTS = YES;
				CLANG_WARN_EMPTY_BODY = YES;
				CLANG_WARN_ENUM_CONVERSION = YES;
				CLANG_WARN_INFINITE_RECURSION = YES;
				CLANG_WARN_INT_CONVERSION = YES;
				CLANG_WARN_NON_LITERAL_NULL_CONVERSION = YES;
				CLANG_WARN_OBJC_IMPLICIT_RETAIN_SELF = YES;
				CLANG_WARN_OBJC_LITERAL_CONVERSION = YES;
				CLANG_WARN_OBJC_ROOT_CLASS = YES_ERROR;
				CLANG_WARN_QUOTED_INCLUDE_IN_FRAMEWORK_HEADER = YES;
				CLANG_WARN_RANGE_LOOP_ANALYSIS = YES;
				CLANG_WARN_STRICT_PROTOTYPES = YES;
				CLANG_WARN_SUSPICIOUS_MOVE = YES;
				CLANG_WARN_UNGUARDED_AVAILABILITY = YES_AGGRESSIVE;
				CLANG_WARN_UNREACHABLE_CODE = YES;
				CLANG_WARN__DUPLICATE_METHOD_MATCH = YES;
				COPY_PHASE_STRIP = NO;
				DEBUG_INFORMATION_FORMAT = dwarf;
				ENABLE_STRICT_OBJC_MSGSEND = YES;
				ENABLE_TESTABILITY = YES;
				GCC_C_LANGUAGE_STANDARD = gnu11;
				GCC_DYNAMIC_NO_PIC = NO;
				GCC_NO_COMMON_BLOCKS = YES;
				GCC_OPTIMIZATION_LEVEL = 0;
				GCC_PREPROCESSOR_DEFINITIONS = (
					"DEBUG=1",
					"$(inherited)",
				);
				GCC_WARN_64_TO_32_BIT_CONVERSION = YES;
				GCC_WARN_ABOUT_RETURN_TYPE = YES_ERROR;
				GCC_WARN_UNDECLARED_SELECTOR = YES;
				GCC_WARN_UNINITIALIZED_AUTOS = YES_AGGRESSIVE;
				GCC_WARN_UNUSED_FUNCTION = YES;
				GCC_WARN_UNUSED_VARIABLE = YES;
				IPHONEOS_DEPLOYMENT_TARGET = 13.6;
				MTL_ENABLE_DEBUG_INFO = INCLUDE_SOURCE;
				MTL_FAST_MATH = YES;
				ONLY_ACTIVE_ARCH = YES;
				SDKROOT = iphoneos;
				SWIFT_ACTIVE_COMPILATION_CONDITIONS = DEBUG;
				SWIFT_OPTIMIZATION_LEVEL = "-Onone";
			};
			name = Debug;
		};
		F87EBA9A24E899D600B0109C /* Release */ = {
			isa = XCBuildConfiguration;
			buildSettings = {
				ALWAYS_SEARCH_USER_PATHS = NO;
				CLANG_ANALYZER_NONNULL = YES;
				CLANG_ANALYZER_NUMBER_OBJECT_CONVERSION = YES_AGGRESSIVE;
				CLANG_CXX_LANGUAGE_STANDARD = "gnu++14";
				CLANG_CXX_LIBRARY = "libc++";
				CLANG_ENABLE_MODULES = YES;
				CLANG_ENABLE_OBJC_ARC = YES;
				CLANG_ENABLE_OBJC_WEAK = YES;
				CLANG_WARN_BLOCK_CAPTURE_AUTORELEASING = YES;
				CLANG_WARN_BOOL_CONVERSION = YES;
				CLANG_WARN_COMMA = YES;
				CLANG_WARN_CONSTANT_CONVERSION = YES;
				CLANG_WARN_DEPRECATED_OBJC_IMPLEMENTATIONS = YES;
				CLANG_WARN_DIRECT_OBJC_ISA_USAGE = YES_ERROR;
				CLANG_WARN_DOCUMENTATION_COMMENTS = YES;
				CLANG_WARN_EMPTY_BODY = YES;
				CLANG_WARN_ENUM_CONVERSION = YES;
				CLANG_WARN_INFINITE_RECURSION = YES;
				CLANG_WARN_INT_CONVERSION = YES;
				CLANG_WARN_NON_LITERAL_NULL_CONVERSION = YES;
				CLANG_WARN_OBJC_IMPLICIT_RETAIN_SELF = YES;
				CLANG_WARN_OBJC_LITERAL_CONVERSION = YES;
				CLANG_WARN_OBJC_ROOT_CLASS = YES_ERROR;
				CLANG_WARN_QUOTED_INCLUDE_IN_FRAMEWORK_HEADER = YES;
				CLANG_WARN_RANGE_LOOP_ANALYSIS = YES;
				CLANG_WARN_STRICT_PROTOTYPES = YES;
				CLANG_WARN_SUSPICIOUS_MOVE = YES;
				CLANG_WARN_UNGUARDED_AVAILABILITY = YES_AGGRESSIVE;
				CLANG_WARN_UNREACHABLE_CODE = YES;
				CLANG_WARN__DUPLICATE_METHOD_MATCH = YES;
				COPY_PHASE_STRIP = NO;
				DEBUG_INFORMATION_FORMAT = "dwarf-with-dsym";
				ENABLE_NS_ASSERTIONS = NO;
				ENABLE_STRICT_OBJC_MSGSEND = YES;
				GCC_C_LANGUAGE_STANDARD = gnu11;
				GCC_NO_COMMON_BLOCKS = YES;
				GCC_WARN_64_TO_32_BIT_CONVERSION = YES;
				GCC_WARN_ABOUT_RETURN_TYPE = YES_ERROR;
				GCC_WARN_UNDECLARED_SELECTOR = YES;
				GCC_WARN_UNINITIALIZED_AUTOS = YES_AGGRESSIVE;
				GCC_WARN_UNUSED_FUNCTION = YES;
				GCC_WARN_UNUSED_VARIABLE = YES;
				IPHONEOS_DEPLOYMENT_TARGET = 13.6;
				MTL_ENABLE_DEBUG_INFO = NO;
				MTL_FAST_MATH = YES;
				SDKROOT = iphoneos;
				SWIFT_COMPILATION_MODE = wholemodule;
				SWIFT_OPTIMIZATION_LEVEL = "-O";
				VALIDATE_PRODUCT = YES;
			};
			name = Release;
		};
		F87EBA9C24E899D600B0109C /* Debug */ = {
			isa = XCBuildConfiguration;
			buildSettings = {
				ASSETCATALOG_COMPILER_APPICON_NAME = AppIcon;
				CODE_SIGN_STYLE = Automatic;
				DEVELOPMENT_TEAM = 267LG69867;
				INFOPLIST_FILE = CovidScanner4.0Try3/Info.plist;
				IPHONEOS_DEPLOYMENT_TARGET = 14.0;
				LD_RUNPATH_SEARCH_PATHS = (
					"$(inherited)",
					"@executable_path/Frameworks",
				);
				PRODUCT_BUNDLE_IDENTIFIER = "com.AnanthKashyap.CovidScanner4-0Try3";
				PRODUCT_NAME = "$(TARGET_NAME)";
				SWIFT_VERSION = 5.0;
				TARGETED_DEVICE_FAMILY = "1,2";
			};
			name = Debug;
		};
		F87EBA9D24E899D600B0109C /* Release */ = {
			isa = XCBuildConfiguration;
			buildSettings = {
				ASSETCATALOG_COMPILER_APPICON_NAME = AppIcon;
				CODE_SIGN_STYLE = Automatic;
				DEVELOPMENT_TEAM = 267LG69867;
				INFOPLIST_FILE = CovidScanner4.0Try3/Info.plist;
				IPHONEOS_DEPLOYMENT_TARGET = 14.0;
				LD_RUNPATH_SEARCH_PATHS = (
					"$(inherited)",
					"@executable_path/Frameworks",
				);
				PRODUCT_BUNDLE_IDENTIFIER = "com.AnanthKashyap.CovidScanner4-0Try3";
				PRODUCT_NAME = "$(TARGET_NAME)";
				SWIFT_VERSION = 5.0;
				TARGETED_DEVICE_FAMILY = "1,2";
			};
			name = Release;
		};
		F87EBA9F24E899D600B0109C /* Debug */ = {
			isa = XCBuildConfiguration;
			buildSettings = {
				ALWAYS_EMBED_SWIFT_STANDARD_LIBRARIES = YES;
				BUNDLE_LOADER = "$(TEST_HOST)";
				CODE_SIGN_STYLE = Automatic;
				INFOPLIST_FILE = CovidScanner4.0Try3Tests/Info.plist;
				IPHONEOS_DEPLOYMENT_TARGET = 13.6;
				LD_RUNPATH_SEARCH_PATHS = (
					"$(inherited)",
					"@executable_path/Frameworks",
					"@loader_path/Frameworks",
				);
				PRODUCT_BUNDLE_IDENTIFIER = "com.AnanthKashyap.CovidScanner4-0Try3Tests";
				PRODUCT_NAME = "$(TARGET_NAME)";
				SWIFT_VERSION = 5.0;
				TARGETED_DEVICE_FAMILY = "1,2";
				TEST_HOST = "$(BUILT_PRODUCTS_DIR)/Covid ScannerScanner4.0Try3.app/Covid ScannerScanner4.0Try3";
			};
			name = Debug;
		};
		F87EBAA024E899D600B0109C /* Release */ = {
			isa = XCBuildConfiguration;
			buildSettings = {
				ALWAYS_EMBED_SWIFT_STANDARD_LIBRARIES = YES;
				BUNDLE_LOADER = "$(TEST_HOST)";
				CODE_SIGN_STYLE = Automatic;
				INFOPLIST_FILE = CovidScanner4.0Try3Tests/Info.plist;
				IPHONEOS_DEPLOYMENT_TARGET = 13.6;
				LD_RUNPATH_SEARCH_PATHS = (
					"$(inherited)",
					"@executable_path/Frameworks",
					"@loader_path/Frameworks",
				);
				PRODUCT_BUNDLE_IDENTIFIER = "com.AnanthKashyap.CovidScanner4-0Try3Tests";
				PRODUCT_NAME = "$(TARGET_NAME)";
				SWIFT_VERSION = 5.0;
				TARGETED_DEVICE_FAMILY = "1,2";
				TEST_HOST = "$(BUILT_PRODUCTS_DIR)/Covid ScannerScanner4.0Try3.app/Covid ScannerScanner4.0Try3";
			};
			name = Release;
		};
		F87EBAA224E899D600B0109C /* Debug */ = {
			isa = XCBuildConfiguration;
			buildSettings = {
				ALWAYS_EMBED_SWIFT_STANDARD_LIBRARIES = YES;
				CODE_SIGN_STYLE = Automatic;
				INFOPLIST_FILE = CovidScanner4.0Try3UITests/Info.plist;
				LD_RUNPATH_SEARCH_PATHS = (
					"$(inherited)",
					"@executable_path/Frameworks",
					"@loader_path/Frameworks",
				);
				PRODUCT_BUNDLE_IDENTIFIER = "com.AnanthKashyap.CovidScanner4-0Try3UITests";
				PRODUCT_NAME = "$(TARGET_NAME)";
				SWIFT_VERSION = 5.0;
				TARGETED_DEVICE_FAMILY = "1,2";
				TEST_TARGET_NAME = CovidScanner4.0Try3;
			};
			name = Debug;
		};
		F87EBAA324E899D600B0109C /* Release */ = {
			isa = XCBuildConfiguration;
			buildSettings = {
				ALWAYS_EMBED_SWIFT_STANDARD_LIBRARIES = YES;
				CODE_SIGN_STYLE = Automatic;
				INFOPLIST_FILE = CovidScanner4.0Try3UITests/Info.plist;
				LD_RUNPATH_SEARCH_PATHS = (
					"$(inherited)",
					"@executable_path/Frameworks",
					"@loader_path/Frameworks",
				);
				PRODUCT_BUNDLE_IDENTIFIER = "com.AnanthKashyap.CovidScanner4-0Try3UITests";
				PRODUCT_NAME = "$(TARGET_NAME)";
				SWIFT_VERSION = 5.0;
				TARGETED_DEVICE_FAMILY = "1,2";
				TEST_TARGET_NAME = CovidScanner4.0Try3;
			};
			name = Release;
		};
/* End XCBuildConfiguration section */

/* Begin XCConfigurationList section */
		F87EBA6C24E899D500B0109C /* Build configuration list for PBXProject "Covid Scanner" */ = {
			isa = XCConfigurationList;
			buildConfigurations = (
				F87EBA9924E899D600B0109C /* Debug */,
				F87EBA9A24E899D600B0109C /* Release */,
			);
			defaultConfigurationIsVisible = 0;
			defaultConfigurationName = Release;
		};
		F87EBA9B24E899D600B0109C /* Build configuration list for PBXNativeTarget "Covid ScannerScanner4.0Try3" */ = {
			isa = XCConfigurationList;
			buildConfigurations = (
				F87EBA9C24E899D600B0109C /* Debug */,
				F87EBA9D24E899D600B0109C /* Release */,
			);
			defaultConfigurationIsVisible = 0;
			defaultConfigurationName = Release;
		};
		F87EBA9E24E899D600B0109C /* Build configuration list for PBXNativeTarget "Covid ScannerScanner4.0Try3Tests" */ = {
			isa = XCConfigurationList;
			buildConfigurations = (
				F87EBA9F24E899D600B0109C /* Debug */,
				F87EBAA024E899D600B0109C /* Release */,
			);
			defaultConfigurationIsVisible = 0;
			defaultConfigurationName = Release;
		};
		F87EBAA124E899D600B0109C /* Build configuration list for PBXNativeTarget "Covid ScannerScanner4.0Try3UITests" */ = {
			isa = XCConfigurationList;
			buildConfigurations = (
				F87EBAA224E899D600B0109C /* Debug */,
				F87EBAA324E899D600B0109C /* Release */,
			);
			defaultConfigurationIsVisible = 0;
			defaultConfigurationName = Release;
		};
/* End XCConfigurationList section */
	};
	rootObject = F87EBA6924E899D500B0109C /* Project object */;
}
